{
  "name": "agent-context-shared-state",
  "version": "0.1.0-alpha",
  "lockfileVersion": 3,
  "requires": true,
  "packages": {
    "": {
      "name": "agent-context-shared-state",
      "version": "0.1.0-alpha",
      "license": "MIT",
      "engines": {
        "node": ">=22.16.0"
      }
    }
  }
}
